<?xml version="1.0" encoding="UTF-8"?>
<Project ToolsVersion="14.0" xmlns="http://schemas.microsoft.com/developer/msbuild/2003">
  <ItemGroup>
    <ClCompile Include="G:\Current Projects\MaNGOS\EXTRACTOR\ChuckyExctractor\DBC_Extractor\dbc_extractor.cpp">
      <Filter>Source Files</Filter>
    </ClCompile>
  </ItemGroup>
  <ItemGroup>
    <CustomBuild Include="G:\Current Projects\MaNGOS\EXTRACTOR\ChuckyExctractor\DBC_Extractor\CMakeLists.txt" />
  </ItemGroup>
  <ItemGroup>
    <Filter Include="Source Files">
      <UniqueIdentifier>{A30DD1B8-B58F-4DCD-B621-EFB38C674988}</UniqueIdentifier>
    </Filter>
  </ItemGroup>
</Project>
