<?xml version="1.0" encoding="UTF-8"?>
<Project ToolsVersion="14.0" xmlns="http://schemas.microsoft.com/developer/msbuild/2003">
  <ItemGroup>
    <CustomBuild Include="G:\Current Projects\MaNGOS\EXTRACTOR\ChuckyExctractor\DBC_Extractor\build2\CMakeFiles\8b7798d9a502907aa652dded46f18192\generate.stamp.rule">
      <Filter>CMake Rules</Filter>
    </CustomBuild>
  </ItemGroup>
  <ItemGroup>
    <Filter Include="CMake Rules">
      <UniqueIdentifier>{27287C84-0332-48CF-BE06-E072824166E3}</UniqueIdentifier>
    </Filter>
  </ItemGroup>
</Project>
